github.com/wzshiming/ctc v1.2.3 h1:q+hW3IQNsjIlOFBTGZZZeIXTElFM4grF4spW/errh/c=
github.com/wzshiming/ctc v1.2.3/go.mod h1:2tVAtIY7SUyraSk0JxvwmONNPFL4ARavPuEsg5+KA28=
github.com/wzshiming/cursor v1.0.1 h1:JC6yDyHIk8bza1av8vff7Ej5SvbEOCXp8p6tpyFpy3E=
github.com/wzshiming/cursor v1.0.1/go.mod h1:ZP6x+aRWlAKoiV27stbOO7tW8xEwS+DK5yUy1oBzEqY=
github.com/wzshiming/getch v0.0.0-20191126073835-4fd166fa18da h1:i84cpEqK3mNoBetkU8kmC+a4lVk7Su243o6Rhv+dHdA=
github.com/wzshiming/getch v0.0.0-20191126073835-4fd166fa18da/go.mod h1:TYK5eJtSD5cVebob9fE7D3jR1fbRU1EwkoPzbLWsOAk=
github.com/wzshiming/notify v0.0.5 h1:c/S99kE2S1jNt74hg5bpmM0DFATEHNg5NDgl8sYKAfo=
github.com/wzshiming/notify v0.0.5/go.mod h1:SFhsQKZJznzsDcj/Qfo9A65k5IRcpUrpgbLRzZEa/DI=
github.com/wzshiming/winseq v0.0.0-20200112104235-db357dc107ae h1:tpXvBXC3hpQBDCc9OojJZCQMVRAbT3TTdUMP8WguXkY=
github.com/wzshiming/winseq v0.0.0-20200112104235-db357dc107ae/go.mod h1:VTAq37rkGeV+WOybvZwjXiJOicICdpLCN8ifpISjK20=
golang.org/x/sys v0.0.0-20200107162124-548cf772de50 h1:YvQ10rzcqWXLlJZ3XCUoO25savxmscf4+SC+ZqiCHhA=
golang.org/x/sys v0.0.0-20200107162124-548cf772de50/go.mod h1:h1NjWce9XRLGQEsW7wpKNCjG9DtNlClVuFLEZdDNbEs=
